
Microsoft Visual Studio Solution File, Format Version 12.00
# Visual Studio Version 16
VisualStudioVersion = 16.0.29709.97
MinimumVisualStudioVersion = 10.0.40219.1
Project("{FAE04EC0-301F-11D3-BF4B-00C04F79EFBC}") = "DBPEV", "DBPEV.csproj", "{0BF3E326-E89D-40F8-A96F-288511E8F44C}"
EndProject
Global
	GlobalSection(SolutionConfigurationPlatforms) = preSolution
		Debug|Any CPU = Debug|Any CPU
		Release|Any CPU = Release|Any CPU
	EndGlobalSection
	GlobalSection(ProjectConfigurationPlatforms) = postSolution
		{0BF3E326-E89D-40F8-A96F-288511E8F44C}.Debug|Any CPU.ActiveCfg = Debug|Any CPU
		{0BF3E326-E89D-40F8-A96F-288511E8F44C}.Debug|Any CPU.Build.0 = Debug|Any CPU
		{0BF3E326-E89D-40F8-A96F-288511E8F44C}.Release|Any CPU.ActiveCfg = Release|Any CPU
		{0BF3E326-E89D-40F8-A96F-288511E8F44C}.Release|Any CPU.Build.0 = Release|Any CPU
	EndGlobalSection
	GlobalSection(SolutionProperties) = preSolution
		HideSolutionNode = FALSE
	EndGlobalSection
	GlobalSection(ExtensibilityGlobals) = postSolution
		SolutionGuid = {6FFC4920-5DC0-4DF2-948B-9523CD99BC09}
	EndGlobalSection
EndGlobal
